name: Generate npm lockfile

on:
  push:
    branches:
      - nix-packaging

permissions:
  contents: write

jobs:
  lockfile:
    if: ${{ hashFiles('package-lock.json') == '' }}
    runs-on: ubuntu-latest
    steps:
      - uses: actions/checkout@v6
        with:
          ref: nix-packaging

      - uses: actions/setup-node@v6
        with:
          node-version: "22"

      - name: Generate lockfile
        run: npm install --package-lock-only --ignore-scripts

      - name: Commit lockfile
        run: |
          git config user.name "github-actions[bot]"
          git config user.email "41898282+github-actions[bot]@users.noreply.github.com"
          git add package-lock.json
          git commit -m "Add npm lockfile"
          git push
